// !$*UTF8*$!
{
	archiveVersion = 1;
	classes = {
	};
	objectVersion = 77;
	objects = {

/* Begin PBXBuildFile section */
		6FA42B872F66B13100590FE5 /* WidgetKit.framework in Frameworks */ = {isa = PBXBuildFile; fileRef = 6FA42B862F66B13100590FE5 /* WidgetKit.framework */; };
		6FA42B892F66B13100590FE5 /* SwiftUI.framework in Frameworks */ = {isa = PBXBuildFile; fileRef = 6FA42B882F66B13100590FE5 /* SwiftUI.framework */; };
		6FA42B9A2F66B13300590FE5 /* AtlasWidgetExtension.appex in Embed Foundation Extensions */ = {isa = PBXBuildFile; fileRef = 6FA42B842F66B13100590FE5 /* AtlasWidgetExtension.appex */; settings = {ATTRIBUTES = (RemoveHeadersOnCopy, ); }; };
		C0A1B2C3D4E5F6A7B8C9D0F2 /* AtlasShareExtension.appex in Embed Foundation Extensions */ = {isa = PBXBuildFile; fileRef = C0A1B2C3D4E5F6A7B8C9D0E4 /* AtlasShareExtension.appex */; settings = {ATTRIBUTES = (RemoveHeadersOnCopy, ); }; };
/* End PBXBuildFile section */

/* Begin PBXContainerItemProxy section */
		6FA42B982F66B13300590FE5 /* PBXContainerItemProxy */ = {
			isa = PBXContainerItemProxy;
			containerPortal = 6F23C3832F6173BF008BE6CC /* Project object */;
			proxyType = 1;
			remoteGlobalIDString = 6FA42B832F66B13100590FE5;
			remoteInfo = AtlasWidgetExtension;
		};
		C0A1B2C3D4E5F6A7B8C9D0F3 /* PBXContainerItemProxy */ = {
			isa = PBXContainerItemProxy;
			containerPortal = 6F23C3832F6173BF008BE6CC /* Project object */;
			proxyType = 1;
			remoteGlobalIDString = C0A1B2C3D4E5F6A7B8C9D0A4;
			remoteInfo = AtlasShareExtension;
		};
/* End PBXContainerItemProxy section */

/* Begin PBXCopyFilesBuildPhase section */
		6FA42B9F2F66B13300590FE5 /* Embed Foundation Extensions */ = {
			isa = PBXCopyFilesBuildPhase;
			buildActionMask = 2147483647;
			dstPath = "";
			dstSubfolderSpec = 13;
			files = (
				6FA42B9A2F66B13300590FE5 /* AtlasWidgetExtension.appex in Embed Foundation Extensions */,
				C0A1B2C3D4E5F6A7B8C9D0F2 /* AtlasShareExtension.appex in Embed Foundation Extensions */,
			);
			name = "Embed Foundation Extensions";
			runOnlyForDeploymentPostprocessing = 0;
		};
/* End PBXCopyFilesBuildPhase section */

/* Begin PBXFileReference section */
		6F23C38B2F6173BF008BE6CC /* Atlas.app */ = {isa = PBXFileReference; explicitFileType = wrapper.application; includeInIndex = 0; path = Atlas.app; sourceTree = BUILT_PRODUCTS_DIR; };
		6FA42B842F66B13100590FE5 /* AtlasWidgetExtension.appex */ = {isa = PBXFileReference; explicitFileType = "wrapper.app-extension"; includeInIndex = 0; path = AtlasWidgetExtension.appex; sourceTree = BUILT_PRODUCTS_DIR; };
		6FA42B862F66B13100590FE5 /* WidgetKit.framework */ = {isa = PBXFileReference; lastKnownFileType = wrapper.framework; name = WidgetKit.framework; path = System/Library/Frameworks/WidgetKit.framework; sourceTree = SDKROOT; };
		6FA42B882F66B13100590FE5 /* SwiftUI.framework */ = {isa = PBXFileReference; lastKnownFileType = wrapper.framework; name = SwiftUI.framework; path = System/Library/Frameworks/SwiftUI.framework; sourceTree = SDKROOT; };
		6FA42BA12F66B17700590FE5 /* AtlasWidgetExtension.entitlements */ = {isa = PBXFileReference; lastKnownFileType = text.plist.entitlements; path = AtlasWidgetExtension.entitlements; sourceTree = "<group>"; };
		B5B9FF93F52547F2A8E9C88C /* AtlasWidget.entitlements */ = {isa = PBXFileReference; lastKnownFileType = text.plist.entitlements; path = AtlasWidget/AtlasWidget.entitlements; sourceTree = "<group>"; };
		C0A1B2C3D4E5F6A7B8C9D0E3 /* AtlasShareExtension.entitlements */ = {isa = PBXFileReference; lastKnownFileType = text.plist.entitlements; path = AtlasShareExtension/AtlasShareExtension.entitlements; sourceTree = "<group>"; };
		C0A1B2C3D4E5F6A7B8C9D0E4 /* AtlasShareExtension.appex */ = {isa = PBXFileReference; explicitFileType = "wrapper.app-extension"; includeInIndex = 0; path = AtlasShareExtension.appex; sourceTree = BUILT_PRODUCTS_DIR; };
/* End PBXFileReference section */

/* Begin PBXFileSystemSynchronizedBuildFileExceptionSet section */
		6F23C3982F6173C1008BE6CC /* Exceptions for "Atlas" folder in "Atlas" target */ = {
			isa = PBXFileSystemSynchronizedBuildFileExceptionSet;
			membershipExceptions = (
				Info.plist,
			);
			target = 6F23C38A2F6173BF008BE6CC /* Atlas */;
		};
		6FA42B9E2F66B13300590FE5 /* Exceptions for "AtlasWidget" folder in "AtlasWidgetExtension" target */ = {
			isa = PBXFileSystemSynchronizedBuildFileExceptionSet;
			membershipExceptions = (
				Info.plist,
			);
			target = 6FA42B832F66B13100590FE5 /* AtlasWidgetExtension */;
		};
		C0A1B2C3D4E5F6A7B8C9D0F5 /* Exceptions for "AtlasShareExtension" folder in "AtlasShareExtension" target */ = {
			isa = PBXFileSystemSynchronizedBuildFileExceptionSet;
			membershipExceptions = (
				Info.plist,
			);
			target = C0A1B2C3D4E5F6A7B8C9D0A4 /* AtlasShareExtension */;
		};
/* End PBXFileSystemSynchronizedBuildFileExceptionSet section */

/* Begin PBXFileSystemSynchronizedRootGroup section */
		6F23C38D2F6173BF008BE6CC /* Atlas */ = {
			isa = PBXFileSystemSynchronizedRootGroup;
			exceptions = (
				6F23C3982F6173C1008BE6CC /* Exceptions for "Atlas" folder in "Atlas" target */,
			);
			path = Atlas;
			sourceTree = "<group>";
		};
		6FA42B8A2F66B13100590FE5 /* AtlasWidget */ = {
			isa = PBXFileSystemSynchronizedRootGroup;
			exceptions = (
				6FA42B9E2F66B13300590FE5 /* Exceptions for "AtlasWidget" folder in "AtlasWidgetExtension" target */,
			);
			path = AtlasWidget;
			sourceTree = "<group>";
		};
		C0A1B2C3D4E5F6A7B8C9D0F4 /* AtlasShareExtension */ = {
			isa = PBXFileSystemSynchronizedRootGroup;
			exceptions = (
				C0A1B2C3D4E5F6A7B8C9D0F5 /* Exceptions for "AtlasShareExtension" folder in "AtlasShareExtension" target */,
			);
			path = AtlasShareExtension;
			sourceTree = "<group>";
		};
/* End PBXFileSystemSynchronizedRootGroup section */

/* Begin PBXFrameworksBuildPhase section */
		6F23C3882F6173BF008BE6CC /* Frameworks */ = {
			isa = PBXFrameworksBuildPhase;
			buildActionMask = 2147483647;
			files = (
			);
			runOnlyForDeploymentPostprocessing = 0;
		};
		6FA42B812F66B13100590FE5 /* Frameworks */ = {
			isa = PBXFrameworksBuildPhase;
			buildActionMask = 2147483647;
			files = (
				6FA42B892F66B13100590FE5 /* SwiftUI.framework in Frameworks */,
				6FA42B872F66B13100590FE5 /* WidgetKit.framework in Frameworks */,
			);
			runOnlyForDeploymentPostprocessing = 0;
		};
		C0A1B2C3D4E5F6A7B8C9D0A2 /* Frameworks */ = {
			isa = PBXFrameworksBuildPhase;
			buildActionMask = 2147483647;
			files = (
			);
			runOnlyForDeploymentPostprocessing = 0;
		};
/* End PBXFrameworksBuildPhase section */

/* Begin PBXGroup section */
		6F23C3822F6173BF008BE6CC = {
			isa = PBXGroup;
			children = (
				6FA42BA12F66B17700590FE5 /* AtlasWidgetExtension.entitlements */,
				B5B9FF93F52547F2A8E9C88C /* AtlasWidget.entitlements */,
				C0A1B2C3D4E5F6A7B8C9D0E3 /* AtlasShareExtension.entitlements */,
				6F23C38D2F6173BF008BE6CC /* Atlas */,
				6FA42B8A2F66B13100590FE5 /* AtlasWidget */,
				C0A1B2C3D4E5F6A7B8C9D0F4 /* AtlasShareExtension */,
				6FA42B852F66B13100590FE5 /* Frameworks */,
				6F23C38C2F6173BF008BE6CC /* Products */,
			);
			sourceTree = "<group>";
		};
		6F23C38C2F6173BF008BE6CC /* Products */ = {
			isa = PBXGroup;
			children = (
				6F23C38B2F6173BF008BE6CC /* Atlas.app */,
				6FA42B842F66B13100590FE5 /* AtlasWidgetExtension.appex */,
				C0A1B2C3D4E5F6A7B8C9D0E4 /* AtlasShareExtension.appex */,
			);
			name = Products;
			sourceTree = "<group>";
		};
		6FA42B852F66B13100590FE5 /* Frameworks */ = {
			isa = PBXGroup;
			children = (
				6FA42B862F66B13100590FE5 /* WidgetKit.framework */,
				6FA42B882F66B13100590FE5 /* SwiftUI.framework */,
			);
			name = Frameworks;
			sourceTree = "<group>";
		};
/* End PBXGroup section */

/* Begin PBXNativeTarget section */
		6F23C38A2F6173BF008BE6CC /* Atlas */ = {
			isa = PBXNativeTarget;
			buildConfigurationList = 6F23C3992F6173C1008BE6CC /* Build configuration list for PBXNativeTarget "Atlas" */;
			buildPhases = (
				6F23C3872F6173BF008BE6CC /* Sources */,
				6F23C3882F6173BF008BE6CC /* Frameworks */,
				6F23C3892F6173BF008BE6CC /* Resources */,
				6FA42B9F2F66B13300590FE5 /* Embed Foundation Extensions */,
			);
			buildRules = (
			);
			dependencies = (
				6FA42B992F66B13300590FE5 /* PBXTargetDependency */,
				C0A1B2C3D4E5F6A7B8C9D0A5 /* PBXTargetDependency */,
			);
			fileSystemSynchronizedGroups = (
				6F23C38D2F6173BF008BE6CC /* Atlas */,
			);
			name = Atlas;
			packageProductDependencies = (
			);
			productName = Atlas;
			productReference = 6F23C38B2F6173BF008BE6CC /* Atlas.app */;
			productType = "com.apple.product-type.application";
		};
		6FA42B832F66B13100590FE5 /* AtlasWidgetExtension */ = {
			isa = PBXNativeTarget;
			buildConfigurationList = 6FA42B9B2F66B13300590FE5 /* Build configuration list for PBXNativeTarget "AtlasWidgetExtension" */;
			buildPhases = (
				6FA42B802F66B13100590FE5 /* Sources */,
				6FA42B812F66B13100590FE5 /* Frameworks */,
				6FA42B822F66B13100590FE5 /* Resources */,
			);
			buildRules = (
			);
			dependencies = (
			);
			fileSystemSynchronizedGroups = (
				6FA42B8A2F66B13100590FE5 /* AtlasWidget */,
			);
			name = AtlasWidgetExtension;
			packageProductDependencies = (
			);
			productName = AtlasWidgetExtension;
			productReference = 6FA42B842F66B13100590FE5 /* AtlasWidgetExtension.appex */;
			productType = "com.apple.product-type.app-extension";
		};
		C0A1B2C3D4E5F6A7B8C9D0A4 /* AtlasShareExtension */ = {
			isa = PBXNativeTarget;
			buildConfigurationList = C0A1B2C3D4E5F6A7B8C9D0B3 /* Build configuration list for PBXNativeTarget "AtlasShareExtension" */;
			buildPhases = (
				C0A1B2C3D4E5F6A7B8C9D0A1 /* Sources */,
				C0A1B2C3D4E5F6A7B8C9D0A2 /* Frameworks */,
				C0A1B2C3D4E5F6A7B8C9D0A3 /* Resources */,
			);
			buildRules = (
			);
			dependencies = (
			);
			fileSystemSynchronizedGroups = (
				C0A1B2C3D4E5F6A7B8C9D0F4 /* AtlasShareExtension */,
			);
			name = AtlasShareExtension;
			packageProductDependencies = (
			);
			productName = AtlasShareExtension;
			productReference = C0A1B2C3D4E5F6A7B8C9D0E4 /* AtlasShareExtension.appex */;
			productType = "com.apple.product-type.app-extension";
		};
/* End PBXNativeTarget section */

/* Begin PBXProject section */
		6F23C3832F6173BF008BE6CC /* Project object */ = {
			isa = PBXProject;
			attributes = {
				BuildIndependentTargetsInParallel = 1;
				LastSwiftUpdateCheck = 2630;
				LastUpgradeCheck = 2630;
				TargetAttributes = {
					6F23C38A2F6173BF008BE6CC = {
						CreatedOnToolsVersion = 26.3;
					};
					6FA42B832F66B13100590FE5 = {
						CreatedOnToolsVersion = 26.3;
					};
					C0A1B2C3D4E5F6A7B8C9D0A4 = {
						CreatedOnToolsVersion = 26.3;
					};
				};
			};
			buildConfigurationList = 6F23C3862F6173BF008BE6CC /* Build configuration list for PBXProject "Atlas" */;
			developmentRegion = en;
			hasScannedForEncodings = 0;
			knownRegions = (
				en,
				Base,
			);
			mainGroup = 6F23C3822F6173BF008BE6CC;
			minimizedProjectReferenceProxies = 1;
			preferredProjectObjectVersion = 77;
			productRefGroup = 6F23C38C2F6173BF008BE6CC /* Products */;
			projectDirPath = "";
			projectRoot = "";
			targets = (
				6F23C38A2F6173BF008BE6CC /* Atlas */,
				6FA42B832F66B13100590FE5 /* AtlasWidgetExtension */,
				C0A1B2C3D4E5F6A7B8C9D0A4 /* AtlasShareExtension */,
			);
		};
/* End PBXProject section */

/* Begin PBXResourcesBuildPhase section */
		6F23C3892F6173BF008BE6CC /* Resources */ = {
			isa = PBXResourcesBuildPhase;
			buildActionMask = 2147483647;
			files = (
			);
			runOnlyForDeploymentPostprocessing = 0;
		};
		6FA42B822F66B13100590FE5 /* Resources */ = {
			isa = PBXResourcesBuildPhase;
			buildActionMask = 2147483647;
			files = (
			);
			runOnlyForDeploymentPostprocessing = 0;
		};
		C0A1B2C3D4E5F6A7B8C9D0A3 /* Resources */ = {
			isa = PBXResourcesBuildPhase;
			buildActionMask = 2147483647;
			files = (
			);
			runOnlyForDeploymentPostprocessing = 0;
		};
/* End PBXResourcesBuildPhase section */

/* Begin PBXSourcesBuildPhase section */
		6F23C3872F6173BF008BE6CC /* Sources */ = {
			isa = PBXSourcesBuildPhase;
			buildActionMask = 2147483647;
			files = (
			);
			runOnlyForDeploymentPostprocessing = 0;
		};
		6FA42B802F66B13100590FE5 /* Sources */ = {
			isa = PBXSourcesBuildPhase;
			buildActionMask = 2147483647;
			files = (
			);
			runOnlyForDeploymentPostprocessing = 0;
		};
		C0A1B2C3D4E5F6A7B8C9D0A1 /* Sources */ = {
			isa = PBXSourcesBuildPhase;
			buildActionMask = 2147483647;
			files = (
			);
			runOnlyForDeploymentPostprocessing = 0;
		};
/* End PBXSourcesBuildPhase section */

/* Begin PBXTargetDependency section */
		6FA42B992F66B13300590FE5 /* PBXTargetDependency */ = {
			isa = PBXTargetDependency;
			target = 6FA42B832F66B13100590FE5 /* AtlasWidgetExtension */;
			targetProxy = 6FA42B982F66B13300590FE5 /* PBXContainerItemProxy */;
		};
		C0A1B2C3D4E5F6A7B8C9D0A5 /* PBXTargetDependency */ = {
			isa = PBXTargetDependency;
			target = C0A1B2C3D4E5F6A7B8C9D0A4 /* AtlasShareExtension */;
			targetProxy = C0A1B2C3D4E5F6A7B8C9D0F3 /* PBXContainerItemProxy */;
		};
/* End PBXTargetDependency section */

/* Begin XCBuildConfiguration section */
		6F23C39A2F6173C1008BE6CC /* Debug */ = {
			isa = XCBuildConfiguration;
			buildSettings = {
				ASSETCATALOG_COMPILER_APPICON_NAME = AppIcon;
				ASSETCATALOG_COMPILER_GLOBAL_ACCENT_COLOR_NAME = AccentColor;
				CODE_SIGN_ENTITLEMENTS = Atlas/Atlas.entitlements;
				CODE_SIGN_STYLE = Automatic;
				CURRENT_PROJECT_VERSION = 1;
				DEVELOPMENT_TEAM = RHA776CJ2J;
				ENABLE_PREVIEWS = YES;
				GENERATE_INFOPLIST_FILE = YES;
				INFOPLIST_FILE = Atlas/Info.plist;
				INFOPLIST_KEY_UIApplicationSceneManifest_Generation = YES;
				INFOPLIST_KEY_UIApplicationSupportsIndirectInputEvents = YES;
				INFOPLIST_KEY_UILaunchScreen_Generation = YES;
				INFOPLIST_KEY_UISupportedInterfaceOrientations_iPad = "UIInterfaceOrientationPortrait UIInterfaceOrientationPortraitUpsideDown UIInterfaceOrientationLandscapeLeft UIInterfaceOrientationLandscapeRight";
				INFOPLIST_KEY_UISupportedInterfaceOrientations_iPhone = "UIInterfaceOrientationPortrait UIInterfaceOrientationLandscapeLeft UIInterfaceOrientationLandscapeRight";
				LD_RUNPATH_SEARCH_PATHS = (
					"$(inherited)",
					"@executable_path/Frameworks",
				);
				MARKETING_VERSION = 1.0;
				PRODUCT_BUNDLE_IDENTIFIER = com.osanuo.Atlas;
				PRODUCT_NAME = "$(TARGET_NAME)";
				STRING_CATALOG_GENERATE_SYMBOLS = YES;
				SWIFT_APPROACHABLE_CONCURRENCY = YES;
				SWIFT_DEFAULT_ACTOR_ISOLATION = MainActor;
				SWIFT_EMIT_LOC_STRINGS = YES;
				SWIFT_UPCOMING_FEATURE_MEMBER_IMPORT_VISIBILITY = YES;
				SWIFT_VERSION = 5.0;
				TARGETED_DEVICE_FAMILY = "1,2";
			};
			name = Debug;
		};
		6F23C39B2F6173C1008BE6CC /* Release */ = {
			isa = XCBuildConfiguration;
			buildSettings = {
				ASSETCATALOG_COMPILER_APPICON_NAME = AppIcon;
				ASSETCATALOG_COMPILER_GLOBAL_ACCENT_COLOR_NAME = AccentColor;
				CODE_SIGN_ENTITLEMENTS = Atlas/Atlas.entitlements;
				CODE_SIGN_STYLE = Automatic;
				CURRENT_PROJECT_VERSION = 1;
				DEVELOPMENT_TEAM = RHA776CJ2J;
				ENABLE_PREVIEWS = YES;
				GENERATE_INFOPLIST_FILE = YES;
				INFOPLIST_FILE = Atlas/Info.plist;
				INFOPLIST_KEY_UIApplicationSceneManifest_Generation = YES;
				INFOPLIST_KEY_UIApplicationSupportsIndirectInputEvents = YES;
				INFOPLIST_KEY_UILaunchScreen_Generation = YES;
				INFOPLIST_KEY_UISupportedInterfaceOrientations_iPad = "UIInterfaceOrientationPortrait UIInterfaceOrientationPortraitUpsideDown UIInterfaceOrientationLandscapeLeft UIInterfaceOrientationLandscapeRight";
				INFOPLIST_KEY_UISupportedInterfaceOrientations_iPhone = "UIInterfaceOrientationPortrait UIInterfaceOrientationLandscapeLeft UIInterfaceOrientationLandscapeRight";
				LD_RUNPATH_SEARCH_PATHS = (
					"$(inherited)",
					"@executable_path/Frameworks",
				);
				MARKETING_VERSION = 1.0;
				PRODUCT_BUNDLE_IDENTIFIER = com.osanuo.Atlas;
				PRODUCT_NAME = "$(TARGET_NAME)";
				STRING_CATALOG_GENERATE_SYMBOLS = YES;
				SWIFT_APPROACHABLE_CONCURRENCY = YES;
				SWIFT_DEFAULT_ACTOR_ISOLATION = MainActor;
				SWIFT_EMIT_LOC_STRINGS = YES;
				SWIFT_UPCOMING_FEATURE_MEMBER_IMPORT_VISIBILITY = YES;
				SWIFT_VERSION = 5.0;
				TARGETED_DEVICE_FAMILY = "1,2";
			};
			name = Release;
		};
		6F23C39C2F6173C1008BE6CC /* Debug */ = {
			isa = XCBuildConfiguration;
			buildSettings = {
				ALWAYS_SEARCH_USER_PATHS = NO;
				ASSETCATALOG_COMPILER_GENERATE_SWIFT_ASSET_SYMBOL_EXTENSIONS = YES;
				CLANG_ANALYZER_NONNULL = YES;
				CLANG_ANALYZER_NUMBER_OBJECT_CONVERSION = YES_AGGRESSIVE;
				CLANG_CXX_LANGUAGE_STANDARD = "gnu++20";
				CLANG_ENABLE_MODULES = YES;
				CLANG_ENABLE_OBJC_ARC = YES;
				CLANG_ENABLE_OBJC_WEAK = YES;
				CLANG_WARN_BLOCK_CAPTURE_AUTORELEASING = YES;
				CLANG_WARN_BOOL_CONVERSION = YES;
				CLANG_WARN_COMMA = YES;
				CLANG_WARN_CONSTANT_CONVERSION = YES;
				CLANG_WARN_DEPRECATED_OBJC_IMPLEMENTATIONS = YES;
				CLANG_WARN_DIRECT_OBJC_ISA_USAGE = YES_ERROR;
				CLANG_WARN_DOCUMENTATION_COMMENTS = YES;
				CLANG_WARN_EMPTY_BODY = YES;
				CLANG_WARN_ENUM_CONVERSION = YES;
				CLANG_WARN_INFINITE_RECURSION = YES;
				CLANG_WARN_INT_CONVERSION = YES;
				CLANG_WARN_NON_LITERAL_NULL_CONVERSION = YES;
				CLANG_WARN_OBJC_IMPLICIT_RETAIN_SELF = YES;
				CLANG_WARN_OBJC_LITERAL_CONVERSION = YES;
				CLANG_WARN_OBJC_ROOT_CLASS = YES_ERROR;
				CLANG_WARN_QUOTED_INCLUDE_IN_FRAMEWORK_HEADER = YES;
				CLANG_WARN_RANGE_LOOP_ANALYSIS = YES;
				CLANG_WARN_STRICT_PROTOTYPES = YES;
				CLANG_WARN_SUSPICIOUS_MOVE = YES;
				CLANG_WARN_UNGUARDED_AVAILABILITY = YES_AGGRESSIVE;
				CLANG_WARN_UNREACHABLE_CODE = YES;
				CLANG_WARN__DUPLICATE_METHOD_MATCH = YES;
				COPY_PHASE_STRIP = NO;
				DEBUG_INFORMATION_FORMAT = dwarf;
				DEVELOPMENT_TEAM = RHA776CJ2J;
				ENABLE_STRICT_OBJC_MSGSEND = YES;
				ENABLE_TESTABILITY = YES;
				ENABLE_USER_SCRIPT_SANDBOXING = YES;
				GCC_C_LANGUAGE_STANDARD = gnu17;
				GCC_DYNAMIC_NO_PIC = NO;
				GCC_NO_COMMON_BLOCKS = YES;
				GCC_OPTIMIZATION_LEVEL = 0;
				GCC_PREPROCESSOR_DEFINITIONS = (
					"DEBUG=1",
					"$(inherited)",
				);
				GCC_WARN_64_TO_32_BIT_CONVERSION = YES;
				GCC_WARN_ABOUT_RETURN_TYPE = YES_ERROR;
				GCC_WARN_UNDECLARED_SELECTOR = YES;
				GCC_WARN_UNINITIALIZED_AUTOS = YES_AGGRESSIVE;
				GCC_WARN_UNUSED_FUNCTION = YES;
				GCC_WARN_UNUSED_VARIABLE = YES;
				IPHONEOS_DEPLOYMENT_TARGET = 26.2;
				LOCALIZATION_PREFERS_STRING_CATALOGS = YES;
				MTL_ENABLE_DEBUG_INFO = INCLUDE_SOURCE;
				MTL_FAST_MATH = YES;
				ONLY_ACTIVE_ARCH = YES;
				SDKROOT = iphoneos;
				SWIFT_ACTIVE_COMPILATION_CONDITIONS = "DEBUG $(inherited)";
				SWIFT_OPTIMIZATION_LEVEL = "-Onone";
			};
			name = Debug;
		};
		6F23C39D2F6173C1008BE6CC /* Release */ = {
			isa = XCBuildConfiguration;
			buildSettings = {
				ALWAYS_SEARCH_USER_PATHS = NO;
				ASSETCATALOG_COMPILER_GENERATE_SWIFT_ASSET_SYMBOL_EXTENSIONS = YES;
				CLANG_ANALYZER_NONNULL = YES;
				CLANG_ANALYZER_NUMBER_OBJECT_CONVERSION = YES_AGGRESSIVE;
				CLANG_CXX_LANGUAGE_STANDARD = "gnu++20";
				CLANG_ENABLE_MODULES = YES;
				CLANG_ENABLE_OBJC_ARC = YES;
				CLANG_ENABLE_OBJC_WEAK = YES;
				CLANG_WARN_BLOCK_CAPTURE_AUTORELEASING = YES;
				CLANG_WARN_BOOL_CONVERSION = YES;
				CLANG_WARN_COMMA = YES;
				CLANG_WARN_CONSTANT_CONVERSION = YES;
				CLANG_WARN_DEPRECATED_OBJC_IMPLEMENTATIONS = YES;
				CLANG_WARN_DIRECT_OBJC_ISA_USAGE = YES_ERROR;
				CLANG_WARN_DOCUMENTATION_COMMENTS = YES;
				CLANG_WARN_EMPTY_BODY = YES;
				CLANG_WARN_ENUM_CONVERSION = YES;
				CLANG_WARN_INFINITE_RECURSION = YES;
				CLANG_WARN_INT_CONVERSION = YES;
				CLANG_WARN_NON_LITERAL_NULL_CONVERSION = YES;
				CLANG_WARN_OBJC_IMPLICIT_RETAIN_SELF = YES;
				CLANG_WARN_OBJC_LITERAL_CONVERSION = YES;
				CLANG_WARN_OBJC_ROOT_CLASS = YES_ERROR;
				CLANG_WARN_QUOTED_INCLUDE_IN_FRAMEWORK_HEADER = YES;
				CLANG_WARN_RANGE_LOOP_ANALYSIS = YES;
				CLANG_WARN_STRICT_PROTOTYPES = YES;
				CLANG_WARN_SUSPICIOUS_MOVE = YES;
				CLANG_WARN_UNGUARDED_AVAILABILITY = YES_AGGRESSIVE;
				CLANG_WARN_UNREACHABLE_CODE = YES;
				CLANG_WARN__DUPLICATE_METHOD_MATCH = YES;
				COPY_PHASE_STRIP = NO;
				DEBUG_INFORMATION_FORMAT = "dwarf-with-dsym";
				DEVELOPMENT_TEAM = RHA776CJ2J;
				ENABLE_NS_ASSERTIONS = NO;
				ENABLE_STRICT_OBJC_MSGSEND = YES;
				ENABLE_USER_SCRIPT_SANDBOXING = YES;
				GCC_C_LANGUAGE_STANDARD = gnu17;
				GCC_NO_COMMON_BLOCKS = YES;
				GCC_WARN_64_TO_32_BIT_CONVERSION = YES;
				GCC_WARN_ABOUT_RETURN_TYPE = YES_ERROR;
				GCC_WARN_UNDECLARED_SELECTOR = YES;
				GCC_WARN_UNINITIALIZED_AUTOS = YES_AGGRESSIVE;
				GCC_WARN_UNUSED_FUNCTION = YES;
				GCC_WARN_UNUSED_VARIABLE = YES;
				IPHONEOS_DEPLOYMENT_TARGET = 26.2;
				LOCALIZATION_PREFERS_STRING_CATALOGS = YES;
				MTL_ENABLE_DEBUG_INFO = NO;
				MTL_FAST_MATH = YES;
				SDKROOT = iphoneos;
				SWIFT_COMPILATION_MODE = wholemodule;
				VALIDATE_PRODUCT = YES;
			};
			name = Release;
		};
		6FA42B9C2F66B13300590FE5 /* Debug */ = {
			isa = XCBuildConfiguration;
			buildSettings = {
				ASSETCATALOG_COMPILER_GLOBAL_ACCENT_COLOR_NAME = AccentColor;
				ASSETCATALOG_COMPILER_WIDGET_BACKGROUND_COLOR_NAME = WidgetBackground;
				CODE_SIGN_ENTITLEMENTS = AtlasWidget/AtlasWidget.entitlements;
				CODE_SIGN_STYLE = Automatic;
				CURRENT_PROJECT_VERSION = 1;
				DEVELOPMENT_TEAM = RHA776CJ2J;
				GENERATE_INFOPLIST_FILE = YES;
				INFOPLIST_FILE = AtlasWidget/Info.plist;
				INFOPLIST_KEY_CFBundleDisplayName = AtlasWidget;
				INFOPLIST_KEY_NSHumanReadableCopyright = "";
				LD_RUNPATH_SEARCH_PATHS = (
					"$(inherited)",
					"@executable_path/Frameworks",
					"@executable_path/../../Frameworks",
				);
				MARKETING_VERSION = 1.0;
				PRODUCT_BUNDLE_IDENTIFIER = com.osanuo.Atlas.AtlasWidget;
				PRODUCT_NAME = "$(TARGET_NAME)";
				SKIP_INSTALL = YES;
				STRING_CATALOG_GENERATE_SYMBOLS = YES;
				SWIFT_APPROACHABLE_CONCURRENCY = YES;
				SWIFT_EMIT_LOC_STRINGS = YES;
				SWIFT_UPCOMING_FEATURE_MEMBER_IMPORT_VISIBILITY = YES;
				SWIFT_VERSION = 5.0;
				TARGETED_DEVICE_FAMILY = "1,2";
			};
			name = Debug;
		};
		6FA42B9D2F66B13300590FE5 /* Release */ = {
			isa = XCBuildConfiguration;
			buildSettings = {
				ASSETCATALOG_COMPILER_GLOBAL_ACCENT_COLOR_NAME = AccentColor;
				ASSETCATALOG_COMPILER_WIDGET_BACKGROUND_COLOR_NAME = WidgetBackground;
				CODE_SIGN_ENTITLEMENTS = AtlasWidget/AtlasWidget.entitlements;
				CODE_SIGN_STYLE = Automatic;
				CURRENT_PROJECT_VERSION = 1;
				DEVELOPMENT_TEAM = RHA776CJ2J;
				GENERATE_INFOPLIST_FILE = YES;
				INFOPLIST_FILE = AtlasWidget/Info.plist;
				INFOPLIST_KEY_CFBundleDisplayName = AtlasWidget;
				INFOPLIST_KEY_NSHumanReadableCopyright = "";
				LD_RUNPATH_SEARCH_PATHS = (
					"$(inherited)",
					"@executable_path/Frameworks",
					"@executable_path/../../Frameworks",
				);
				MARKETING_VERSION = 1.0;
				PRODUCT_BUNDLE_IDENTIFIER = com.osanuo.Atlas.AtlasWidget;
				PRODUCT_NAME = "$(TARGET_NAME)";
				SKIP_INSTALL = YES;
				STRING_CATALOG_GENERATE_SYMBOLS = YES;
				SWIFT_APPROACHABLE_CONCURRENCY = YES;
				SWIFT_EMIT_LOC_STRINGS = YES;
				SWIFT_UPCOMING_FEATURE_MEMBER_IMPORT_VISIBILITY = YES;
				SWIFT_VERSION = 5.0;
				TARGETED_DEVICE_FAMILY = "1,2";
			};
			name = Release;
		};
		C0A1B2C3D4E5F6A7B8C9D0B1 /* Debug */ = {
			isa = XCBuildConfiguration;
			buildSettings = {
				CODE_SIGN_ENTITLEMENTS = AtlasShareExtension/AtlasShareExtension.entitlements;
				CODE_SIGN_STYLE = Automatic;
				CURRENT_PROJECT_VERSION = 1;
				DEVELOPMENT_TEAM = RHA776CJ2J;
				GENERATE_INFOPLIST_FILE = NO;
				INFOPLIST_FILE = AtlasShareExtension/Info.plist;
				INFOPLIST_KEY_CFBundleDisplayName = AtlasShareExtension;
				INFOPLIST_KEY_NSHumanReadableCopyright = "";
				LD_RUNPATH_SEARCH_PATHS = (
					"$(inherited)",
					"@executable_path/Frameworks",
					"@executable_path/../../Frameworks",
				);
				MARKETING_VERSION = 1.0;
				PRODUCT_BUNDLE_IDENTIFIER = com.osanuo.Atlas.AtlasShareExtension;
				PRODUCT_NAME = "$(TARGET_NAME)";
				SKIP_INSTALL = YES;
				SWIFT_APPROACHABLE_CONCURRENCY = YES;
				SWIFT_DEFAULT_ACTOR_ISOLATION = MainActor;
				SWIFT_EMIT_LOC_STRINGS = YES;
				SWIFT_UPCOMING_FEATURE_MEMBER_IMPORT_VISIBILITY = YES;
				SWIFT_VERSION = 5.0;
				TARGETED_DEVICE_FAMILY = "1,2";
			};
			name = Debug;
		};
		C0A1B2C3D4E5F6A7B8C9D0B2 /* Release */ = {
			isa = XCBuildConfiguration;
			buildSettings = {
				CODE_SIGN_ENTITLEMENTS = AtlasShareExtension/AtlasShareExtension.entitlements;
				CODE_SIGN_STYLE = Automatic;
				CURRENT_PROJECT_VERSION = 1;
				DEVELOPMENT_TEAM = RHA776CJ2J;
				GENERATE_INFOPLIST_FILE = NO;
				INFOPLIST_FILE = AtlasShareExtension/Info.plist;
				INFOPLIST_KEY_CFBundleDisplayName = AtlasShareExtension;
				INFOPLIST_KEY_NSHumanReadableCopyright = "";
				LD_RUNPATH_SEARCH_PATHS = (
					"$(inherited)",
					"@executable_path/Frameworks",
					"@executable_path/../../Frameworks",
				);
				MARKETING_VERSION = 1.0;
				PRODUCT_BUNDLE_IDENTIFIER = com.osanuo.Atlas.AtlasShareExtension;
				PRODUCT_NAME = "$(TARGET_NAME)";
				SKIP_INSTALL = YES;
				SWIFT_APPROACHABLE_CONCURRENCY = YES;
				SWIFT_DEFAULT_ACTOR_ISOLATION = MainActor;
				SWIFT_EMIT_LOC_STRINGS = YES;
				SWIFT_UPCOMING_FEATURE_MEMBER_IMPORT_VISIBILITY = YES;
				SWIFT_VERSION = 5.0;
				TARGETED_DEVICE_FAMILY = "1,2";
			};
			name = Release;
		};
/* End XCBuildConfiguration section */

/* Begin XCConfigurationList section */
		6F23C3862F6173BF008BE6CC /* Build configuration list for PBXProject "Atlas" */ = {
			isa = XCConfigurationList;
			buildConfigurations = (
				6F23C39C2F6173C1008BE6CC /* Debug */,
				6F23C39D2F6173C1008BE6CC /* Release */,
			);
			defaultConfigurationIsVisible = 0;
			defaultConfigurationName = Release;
		};
		6F23C3992F6173C1008BE6CC /* Build configuration list for PBXNativeTarget "Atlas" */ = {
			isa = XCConfigurationList;
			buildConfigurations = (
				6F23C39A2F6173C1008BE6CC /* Debug */,
				6F23C39B2F6173C1008BE6CC /* Release */,
			);
			defaultConfigurationIsVisible = 0;
			defaultConfigurationName = Release;
		};
		6FA42B9B2F66B13300590FE5 /* Build configuration list for PBXNativeTarget "AtlasWidgetExtension" */ = {
			isa = XCConfigurationList;
			buildConfigurations = (
				6FA42B9C2F66B13300590FE5 /* Debug */,
				6FA42B9D2F66B13300590FE5 /* Release */,
			);
			defaultConfigurationIsVisible = 0;
			defaultConfigurationName = Release;
		};
		C0A1B2C3D4E5F6A7B8C9D0B3 /* Build configuration list for PBXNativeTarget "AtlasShareExtension" */ = {
			isa = XCConfigurationList;
			buildConfigurations = (
				C0A1B2C3D4E5F6A7B8C9D0B1 /* Debug */,
				C0A1B2C3D4E5F6A7B8C9D0B2 /* Release */,
			);
			defaultConfigurationIsVisible = 0;
			defaultConfigurationName = Release;
		};
/* End XCConfigurationList section */
	};
	rootObject = 6F23C3832F6173BF008BE6CC /* Project object */;
}
